
Microsoft Visual Studio Solution File, Format Version 12.00
# Visual Studio Version 17
VisualStudioVersion = 17.14.36414.22
MinimumVisualStudioVersion = 10.0.40219.1
Project("{2150E333-8FDC-42A3-9474-1A3956D46DE8}") = "Task0", "Task0", "{02EA681E-C7D8-13C7-8484-4AC65E1B71E8}"
EndProject
Project("{FAE04EC0-301F-11D3-BF4B-00C04F79EFBC}") = "Tyuiu.Kucherenkonm.Sprint1.Task0.V13.Lib", "Tyuiu.Kucherenkonm.Sprint1.Task0.V13.Lib\Tyuiu.Kucherenkonm.Sprint1.Task0.V13.Lib.csproj", "{058F28E5-B6EC-4CE8-9F47-C8D5A5C33D63}"
EndProject
Project("{FAE04EC0-301F-11D3-BF4B-00C04F79EFBC}") = "Tyuiu.Kucherenkonm.Sprint1.Task0.V13", "Tyuiu.Kucherenkonm.Sprint1.Task0.V13\Tyuiu.Kucherenkonm.Sprint1.Task0.V13.csproj", "{40CC601C-3C68-4BFB-89F9-D30665CF0DC0}"
EndProject
Project("{FAE04EC0-301F-11D3-BF4B-00C04F79EFBC}") = "﻿Tyuiu.Kucherenkonm.Sprint1.Task0.V13.Test", "﻿Tyuiu.Kucherenkonm.Sprint1.Task0.V13.Test\﻿Tyuiu.Kucherenkonm.Sprint1.Task0.V13.Test.csproj", "{27460754-17B0-4AF6-A7A0-96C6D9E3F870}"
EndProject
Global
	GlobalSection(SolutionConfigurationPlatforms) = preSolution
		Debug|Any CPU = Debug|Any CPU
		Release|Any CPU = Release|Any CPU
	EndGlobalSection
	GlobalSection(ProjectConfigurationPlatforms) = postSolution
		{058F28E5-B6EC-4CE8-9F47-C8D5A5C33D63}.Debug|Any CPU.ActiveCfg = Debug|Any CPU
		{058F28E5-B6EC-4CE8-9F47-C8D5A5C33D63}.Debug|Any CPU.Build.0 = Debug|Any CPU
		{058F28E5-B6EC-4CE8-9F47-C8D5A5C33D63}.Release|Any CPU.ActiveCfg = Release|Any CPU
		{058F28E5-B6EC-4CE8-9F47-C8D5A5C33D63}.Release|Any CPU.Build.0 = Release|Any CPU
		{40CC601C-3C68-4BFB-89F9-D30665CF0DC0}.Debug|Any CPU.ActiveCfg = Debug|Any CPU
		{40CC601C-3C68-4BFB-89F9-D30665CF0DC0}.Debug|Any CPU.Build.0 = Debug|Any CPU
		{40CC601C-3C68-4BFB-89F9-D30665CF0DC0}.Release|Any CPU.ActiveCfg = Release|Any CPU
		{40CC601C-3C68-4BFB-89F9-D30665CF0DC0}.Release|Any CPU.Build.0 = Release|Any CPU
		{27460754-17B0-4AF6-A7A0-96C6D9E3F870}.Debug|Any CPU.ActiveCfg = Debug|Any CPU
		{27460754-17B0-4AF6-A7A0-96C6D9E3F870}.Debug|Any CPU.Build.0 = Debug|Any CPU
		{27460754-17B0-4AF6-A7A0-96C6D9E3F870}.Release|Any CPU.ActiveCfg = Release|Any CPU
		{27460754-17B0-4AF6-A7A0-96C6D9E3F870}.Release|Any CPU.Build.0 = Release|Any CPU
	EndGlobalSection
	GlobalSection(SolutionProperties) = preSolution
		HideSolutionNode = FALSE
	EndGlobalSection
	GlobalSection(NestedProjects) = preSolution
		{058F28E5-B6EC-4CE8-9F47-C8D5A5C33D63} = {02EA681E-C7D8-13C7-8484-4AC65E1B71E8}
		{40CC601C-3C68-4BFB-89F9-D30665CF0DC0} = {02EA681E-C7D8-13C7-8484-4AC65E1B71E8}
		{27460754-17B0-4AF6-A7A0-96C6D9E3F870} = {02EA681E-C7D8-13C7-8484-4AC65E1B71E8}
	EndGlobalSection
	GlobalSection(ExtensibilityGlobals) = postSolution
		SolutionGuid = {F8AC6432-6ED4-431C-A156-66B9DC33AE82}
	EndGlobalSection
EndGlobal
